{
  "name": "klassiki-vk-covers",
  "lockfileVersion": 3,
  "requires": true,
  "packages": {
    "": {
      "name": "klassiki-vk-covers",
      "dependencies": {
        "@vkontakte/vk-bridge": "3.0.2"
      }
    },
    "node_modules/@swc/helpers": {
      "version": "0.5.23",
      "resolved": "https://registry.npmjs.org/@swc/helpers/-/helpers-0.5.23.tgz",
      "integrity": "sha512-5lSsMOTXURePglDfvuAQUqkGek9Hg2kksOYay2m0+XR++b2NWYL/4sWyuvVBIs8oKnJaxkdi9whaL/sqN13afw==",
      "license": "Apache-2.0",
      "dependencies": {
        "tslib": "^2.8.0"
      }
    },
    "node_modules/@vkontakte/vk-bridge": {
      "version": "3.0.2",
      "resolved": "https://registry.npmjs.org/@vkontakte/vk-bridge/-/vk-bridge-3.0.2.tgz",
      "integrity": "sha512-MTp+nl0/jH4Sa2TXDyxNfy9VkhOhRQR1oQ4yhvthVDA4aWUa26npns7bRgfTuR3xDVGFiqW7zAwLnwcv3mL+dA==",
      "license": "MIT",
      "dependencies": {
        "@swc/helpers": "^0.5.21"
      }
    },
    "node_modules/tslib": {
      "version": "2.8.1",
      "resolved": "https://registry.npmjs.org/tslib/-/tslib-2.8.1.tgz",
      "integrity": "sha512-oJFu94HQb+KVduSUQL7wnpmqnfmLsOA/nAh6b6EH0wCEoK0/mPeXU6c3wKDV83MkOuHPRHtSXKKU99IBazS/2w==",
      "license": "0BSD"
    }
  }
}
